github.com/google/uuid v1.1.2 h1:EVhdT+1Kseyi1/pUmXKaFxYsDNy9RQYkMWRH68J/W7Y=
github.com/google/uuid v1.1.2/go.mod h1:TIyPZe4MgqvfeYDBFedMoGGpEw/LqOeaOT+nhxU+yHo=
github.com/hlib-go/snowflake v0.3.0 h1:nsquK5CBa5u6mi4FVzC2bmhfYwE7sBCI3Ey8NL+tHzc=
github.com/hlib-go/snowflake v0.3.0/go.mod h1:mWsyncbnnKw54ZORvP7XZzQWhEQH0y/lJKk54YQhr0k=
